
Microsoft Visual Studio Solution File, Format Version 12.00
# Visual Studio 15
VisualStudioVersion = 15.0.26124.0
MinimumVisualStudioVersion = 15.0.26124.0
Project("{FAE04EC0-301F-11D3-BF4B-00C04F79EFBC}") = "Calq", "Calq\Calq.csproj", "{FA548103-841C-48D2-8588-D41DB733A6AA}"
EndProject
Project("{FAE04EC0-301F-11D3-BF4B-00C04F79EFBC}") = "CalqTest", "CalqTest\CalqTest.csproj", "{CAEE175C-2C73-486A-B35A-743D604FBBAC}"
EndProject
Global
	GlobalSection(SolutionConfigurationPlatforms) = preSolution
		Debug|Any CPU = Debug|Any CPU
		Debug|x64 = Debug|x64
		Debug|x86 = Debug|x86
		Release|Any CPU = Release|Any CPU
		Release|x64 = Release|x64
		Release|x86 = Release|x86
	EndGlobalSection
	GlobalSection(SolutionProperties) = preSolution
		HideSolutionNode = FALSE
	EndGlobalSection
	GlobalSection(ProjectConfigurationPlatforms) = postSolution
		{FA548103-841C-48D2-8588-D41DB733A6AA}.Debug|Any CPU.ActiveCfg = Debug|Any CPU
		{FA548103-841C-48D2-8588-D41DB733A6AA}.Debug|Any CPU.Build.0 = Debug|Any CPU
		{FA548103-841C-48D2-8588-D41DB733A6AA}.Debug|x64.ActiveCfg = Debug|Any CPU
		{FA548103-841C-48D2-8588-D41DB733A6AA}.Debug|x64.Build.0 = Debug|Any CPU
		{FA548103-841C-48D2-8588-D41DB733A6AA}.Debug|x86.ActiveCfg = Debug|Any CPU
		{FA548103-841C-48D2-8588-D41DB733A6AA}.Debug|x86.Build.0 = Debug|Any CPU
		{FA548103-841C-48D2-8588-D41DB733A6AA}.Release|Any CPU.ActiveCfg = Release|Any CPU
		{FA548103-841C-48D2-8588-D41DB733A6AA}.Release|Any CPU.Build.0 = Release|Any CPU
		{FA548103-841C-48D2-8588-D41DB733A6AA}.Release|x64.ActiveCfg = Release|Any CPU
		{FA548103-841C-48D2-8588-D41DB733A6AA}.Release|x64.Build.0 = Release|Any CPU
		{FA548103-841C-48D2-8588-D41DB733A6AA}.Release|x86.ActiveCfg = Release|Any CPU
		{FA548103-841C-48D2-8588-D41DB733A6AA}.Release|x86.Build.0 = Release|Any CPU
		{CAEE175C-2C73-486A-B35A-743D604FBBAC}.Debug|Any CPU.ActiveCfg = Debug|Any CPU
		{CAEE175C-2C73-486A-B35A-743D604FBBAC}.Debug|Any CPU.Build.0 = Debug|Any CPU
		{CAEE175C-2C73-486A-B35A-743D604FBBAC}.Debug|x64.ActiveCfg = Debug|Any CPU
		{CAEE175C-2C73-486A-B35A-743D604FBBAC}.Debug|x64.Build.0 = Debug|Any CPU
		{CAEE175C-2C73-486A-B35A-743D604FBBAC}.Debug|x86.ActiveCfg = Debug|Any CPU
		{CAEE175C-2C73-486A-B35A-743D604FBBAC}.Debug|x86.Build.0 = Debug|Any CPU
		{CAEE175C-2C73-486A-B35A-743D604FBBAC}.Release|Any CPU.ActiveCfg = Release|Any CPU
		{CAEE175C-2C73-486A-B35A-743D604FBBAC}.Release|Any CPU.Build.0 = Release|Any CPU
		{CAEE175C-2C73-486A-B35A-743D604FBBAC}.Release|x64.ActiveCfg = Release|Any CPU
		{CAEE175C-2C73-486A-B35A-743D604FBBAC}.Release|x64.Build.0 = Release|Any CPU
		{CAEE175C-2C73-486A-B35A-743D604FBBAC}.Release|x86.ActiveCfg = Release|Any CPU
		{CAEE175C-2C73-486A-B35A-743D604FBBAC}.Release|x86.Build.0 = Release|Any CPU
	EndGlobalSection
EndGlobal
